
Microsoft Visual Studio Solution File, Format Version 12.00
# Visual Studio Version 17
VisualStudioVersion = 17.8.34309.116
MinimumVisualStudioVersion = 10.0.40219.1
Project("{FAE04EC0-301F-11D3-BF4B-00C04F79EFBC}") = "BarcodeSalesProgram", "BarcodeSalesProgram.csproj", "{BC4A458B-CE20-4004-ACEF-7C96FD9173C9}"
EndProject
Global
	GlobalSection(SolutionConfigurationPlatforms) = preSolution
		Debug|Any CPU = Debug|Any CPU
		Release|Any CPU = Release|Any CPU
	EndGlobalSection
	GlobalSection(ProjectConfigurationPlatforms) = postSolution
		{BC4A458B-CE20-4004-ACEF-7C96FD9173C9}.Debug|Any CPU.ActiveCfg = Debug|Any CPU
		{BC4A458B-CE20-4004-ACEF-7C96FD9173C9}.Debug|Any CPU.Build.0 = Debug|Any CPU
		{BC4A458B-CE20-4004-ACEF-7C96FD9173C9}.Release|Any CPU.ActiveCfg = Release|Any CPU
		{BC4A458B-CE20-4004-ACEF-7C96FD9173C9}.Release|Any CPU.Build.0 = Release|Any CPU
	EndGlobalSection
	GlobalSection(SolutionProperties) = preSolution
		HideSolutionNode = FALSE
	EndGlobalSection
	GlobalSection(ExtensibilityGlobals) = postSolution
		SolutionGuid = {C984BAF7-2522-4DDF-AA46-280D02D0A8B2}
	EndGlobalSection
EndGlobal
